
Microsoft Visual Studio Solution File, Format Version 12.00
# Visual Studio Version 16
VisualStudioVersion = 16.0.28803.352
MinimumVisualStudioVersion = 10.0.40219.1
Project("{FAE04EC0-301F-11D3-BF4B-00C04F79EFBC}") = "UDP", "UDP\UDP.csproj", "{D193CA77-16A4-4888-8187-DEF7CFC76A4A}"
EndProject
Global
	GlobalSection(SolutionConfigurationPlatforms) = preSolution
		Debug|Any CPU = Debug|Any CPU
		Release|Any CPU = Release|Any CPU
	EndGlobalSection
	GlobalSection(ProjectConfigurationPlatforms) = postSolution
		{D193CA77-16A4-4888-8187-DEF7CFC76A4A}.Debug|Any CPU.ActiveCfg = Debug|Any CPU
		{D193CA77-16A4-4888-8187-DEF7CFC76A4A}.Debug|Any CPU.Build.0 = Debug|Any CPU
		{D193CA77-16A4-4888-8187-DEF7CFC76A4A}.Release|Any CPU.ActiveCfg = Release|Any CPU
		{D193CA77-16A4-4888-8187-DEF7CFC76A4A}.Release|Any CPU.Build.0 = Release|Any CPU
	EndGlobalSection
	GlobalSection(SolutionProperties) = preSolution
		HideSolutionNode = FALSE
	EndGlobalSection
	GlobalSection(ExtensibilityGlobals) = postSolution
		SolutionGuid = {EA5D1FAD-F13E-45D4-B6B7-D83253CE4C05}
	EndGlobalSection
EndGlobal
